
Microsoft Visual Studio Solution File, Format Version 12.00
# Visual Studio Version 17
VisualStudioVersion = 17.6.33829.357
MinimumVisualStudioVersion = 10.0.40219.1
Project("{FAE04EC0-301F-11D3-BF4B-00C04F79EFBC}") = "Tests", "Tests\Tests.csproj", "{3434995B-2E82-406A-82E9-44A1A6E3034C}"
EndProject
Project("{FAE04EC0-301F-11D3-BF4B-00C04F79EFBC}") = "UnitTest.Example.Project", "UnitTest.Example.Project\UnitTest.Example.Project.csproj", "{A3AD32EF-4334-4FE5-9CF7-E3736B0436FD}"
EndProject
Global
	GlobalSection(SolutionConfigurationPlatforms) = preSolution
		Debug|Any CPU = Debug|Any CPU
		Release|Any CPU = Release|Any CPU
	EndGlobalSection
	GlobalSection(ProjectConfigurationPlatforms) = postSolution
		{3434995B-2E82-406A-82E9-44A1A6E3034C}.Debug|Any CPU.ActiveCfg = Debug|Any CPU
		{3434995B-2E82-406A-82E9-44A1A6E3034C}.Debug|Any CPU.Build.0 = Debug|Any CPU
		{3434995B-2E82-406A-82E9-44A1A6E3034C}.Release|Any CPU.ActiveCfg = Release|Any CPU
		{3434995B-2E82-406A-82E9-44A1A6E3034C}.Release|Any CPU.Build.0 = Release|Any CPU
		{A3AD32EF-4334-4FE5-9CF7-E3736B0436FD}.Debug|Any CPU.ActiveCfg = Debug|Any CPU
		{A3AD32EF-4334-4FE5-9CF7-E3736B0436FD}.Debug|Any CPU.Build.0 = Debug|Any CPU
		{A3AD32EF-4334-4FE5-9CF7-E3736B0436FD}.Release|Any CPU.ActiveCfg = Release|Any CPU
		{A3AD32EF-4334-4FE5-9CF7-E3736B0436FD}.Release|Any CPU.Build.0 = Release|Any CPU
	EndGlobalSection
	GlobalSection(SolutionProperties) = preSolution
		HideSolutionNode = FALSE
	EndGlobalSection
	GlobalSection(ExtensibilityGlobals) = postSolution
		SolutionGuid = {D1ABB4B7-525F-4CCE-9C21-E9F2D8CAC68C}
	EndGlobalSection
EndGlobal
